<Solution>
  <Folder Name="/src/">
    <Project Path="src/NetStrata.Cli/NetStrata.Cli.csproj" />
    <Project Path="src/NetStrata.Core/NetStrata.Core.csproj" />
  </Folder>
  <Folder Name="/tests/">
    <Project Path="tests/NetStrata.Core.Tests/NetStrata.Core.Tests.csproj" />
  </Folder>
</Solution>
